
Microsoft Visual Studio Solution File, Format Version 12.00
# Visual Studio 2013
VisualStudioVersion = 12.0.31101.0
MinimumVisualStudioVersion = 10.0.40219.1
Project("{FAE04EC0-301F-11D3-BF4B-00C04F79EFBC}") = "wProje.1", "wProje.1\wProje.1.csproj", "{750705DA-25BB-4D88-9C0C-C2D702743CDC}"
EndProject
Global
	GlobalSection(SolutionConfigurationPlatforms) = preSolution
		Debug|Any CPU = Debug|Any CPU
		Release|Any CPU = Release|Any CPU
	EndGlobalSection
	GlobalSection(ProjectConfigurationPlatforms) = postSolution
		{750705DA-25BB-4D88-9C0C-C2D702743CDC}.Debug|Any CPU.ActiveCfg = Debug|Any CPU
		{750705DA-25BB-4D88-9C0C-C2D702743CDC}.Debug|Any CPU.Build.0 = Debug|Any CPU
		{750705DA-25BB-4D88-9C0C-C2D702743CDC}.Release|Any CPU.ActiveCfg = Release|Any CPU
		{750705DA-25BB-4D88-9C0C-C2D702743CDC}.Release|Any CPU.Build.0 = Release|Any CPU
	EndGlobalSection
	GlobalSection(SolutionProperties) = preSolution
		HideSolutionNode = FALSE
	EndGlobalSection
EndGlobal
